
Microsoft Visual Studio Solution File, Format Version 12.00
# Visual Studio Version 16
VisualStudioVersion = 16.0.28917.181
MinimumVisualStudioVersion = 10.0.40219.1
Project("{FAE04EC0-301F-11D3-BF4B-00C04F79EFBC}") = "CountryCode", "CountryCode\CountryCode.csproj", "{DF272A59-42F3-4616-B3F5-720796ADD3C5}"
EndProject
Global
	GlobalSection(SolutionConfigurationPlatforms) = preSolution
		Debug|Any CPU = Debug|Any CPU
		Release|Any CPU = Release|Any CPU
	EndGlobalSection
	GlobalSection(ProjectConfigurationPlatforms) = postSolution
		{DF272A59-42F3-4616-B3F5-720796ADD3C5}.Debug|Any CPU.ActiveCfg = Debug|Any CPU
		{DF272A59-42F3-4616-B3F5-720796ADD3C5}.Debug|Any CPU.Build.0 = Debug|Any CPU
		{DF272A59-42F3-4616-B3F5-720796ADD3C5}.Release|Any CPU.ActiveCfg = Release|Any CPU
		{DF272A59-42F3-4616-B3F5-720796ADD3C5}.Release|Any CPU.Build.0 = Release|Any CPU
	EndGlobalSection
	GlobalSection(SolutionProperties) = preSolution
		HideSolutionNode = FALSE
	EndGlobalSection
	GlobalSection(ExtensibilityGlobals) = postSolution
		SolutionGuid = {CC386D47-F495-4098-B1A6-7A95A2C526C3}
	EndGlobalSection
EndGlobal
