
Microsoft Visual Studio Solution File, Format Version 12.00
# Visual Studio Version 16
VisualStudioVersion = 16.0.28917.181
MinimumVisualStudioVersion = 10.0.40219.1
Project("{9A19103F-16F7-4668-BE54-9A1E7A4F7556}") = "ApiDoc", "ApiDoc\ApiDoc.csproj", "{D12EDB61-B8B5-4B65-AAA2-C5058EA4C0B4}"
EndProject
Project("{9A19103F-16F7-4668-BE54-9A1E7A4F7556}") = "Swagger", "Swagger\Swagger.csproj", "{89FE9F15-049B-4A43-B695-4EC53BCD2C3E}"
EndProject
Project("{2150E333-8FDC-42A3-9474-1A3956D46DE8}") = "Solution Items", "Solution Items", "{97152BAD-5887-4F27-8ACB-3AEA69A9A439}"
	ProjectSection(SolutionItems) = preProject
		readme.md = readme.md
	EndProjectSection
EndProject
Project("{9A19103F-16F7-4668-BE54-9A1E7A4F7556}") = "NLogDemo", "NLogDemo\NLogDemo.csproj", "{DAE1B92E-6F4D-443B-A2A3-C0781DEADA17}"
EndProject
Project("{FAE04EC0-301F-11D3-BF4B-00C04F79EFBC}") = "EasyCachingDemo", "EasyCachingDemo\EasyCachingDemo.csproj", "{91DBEAFC-22E8-44AC-87EB-D830C3DBEB3E}"
EndProject
Global
	GlobalSection(SolutionConfigurationPlatforms) = preSolution
		Debug|Any CPU = Debug|Any CPU
		Release|Any CPU = Release|Any CPU
	EndGlobalSection
	GlobalSection(ProjectConfigurationPlatforms) = postSolution
		{D12EDB61-B8B5-4B65-AAA2-C5058EA4C0B4}.Debug|Any CPU.ActiveCfg = Debug|Any CPU
		{D12EDB61-B8B5-4B65-AAA2-C5058EA4C0B4}.Debug|Any CPU.Build.0 = Debug|Any CPU
		{D12EDB61-B8B5-4B65-AAA2-C5058EA4C0B4}.Release|Any CPU.ActiveCfg = Release|Any CPU
		{D12EDB61-B8B5-4B65-AAA2-C5058EA4C0B4}.Release|Any CPU.Build.0 = Release|Any CPU
		{89FE9F15-049B-4A43-B695-4EC53BCD2C3E}.Debug|Any CPU.ActiveCfg = Debug|Any CPU
		{89FE9F15-049B-4A43-B695-4EC53BCD2C3E}.Debug|Any CPU.Build.0 = Debug|Any CPU
		{89FE9F15-049B-4A43-B695-4EC53BCD2C3E}.Release|Any CPU.ActiveCfg = Release|Any CPU
		{89FE9F15-049B-4A43-B695-4EC53BCD2C3E}.Release|Any CPU.Build.0 = Release|Any CPU
		{DAE1B92E-6F4D-443B-A2A3-C0781DEADA17}.Debug|Any CPU.ActiveCfg = Debug|Any CPU
		{DAE1B92E-6F4D-443B-A2A3-C0781DEADA17}.Debug|Any CPU.Build.0 = Debug|Any CPU
		{DAE1B92E-6F4D-443B-A2A3-C0781DEADA17}.Release|Any CPU.ActiveCfg = Release|Any CPU
		{DAE1B92E-6F4D-443B-A2A3-C0781DEADA17}.Release|Any CPU.Build.0 = Release|Any CPU
		{91DBEAFC-22E8-44AC-87EB-D830C3DBEB3E}.Debug|Any CPU.ActiveCfg = Debug|Any CPU
		{91DBEAFC-22E8-44AC-87EB-D830C3DBEB3E}.Debug|Any CPU.Build.0 = Debug|Any CPU
		{91DBEAFC-22E8-44AC-87EB-D830C3DBEB3E}.Release|Any CPU.ActiveCfg = Release|Any CPU
		{91DBEAFC-22E8-44AC-87EB-D830C3DBEB3E}.Release|Any CPU.Build.0 = Release|Any CPU
	EndGlobalSection
	GlobalSection(SolutionProperties) = preSolution
		HideSolutionNode = FALSE
	EndGlobalSection
	GlobalSection(ExtensibilityGlobals) = postSolution
		SolutionGuid = {F62AE588-3229-4DD9-97FD-2A06D07BE04B}
	EndGlobalSection
EndGlobal
